
Microsoft Visual Studio Solution File, Format Version 12.00
# Visual Studio Version 17
VisualStudioVersion = 17.8.34525.116
MinimumVisualStudioVersion = 10.0.40219.1
Project("{FAE04EC0-301F-11D3-BF4B-00C04F79EFBC}") = "ConsoleApp14_AsyncAwait", "ConsoleApp14_AsyncAwait\ConsoleApp14_AsyncAwait.csproj", "{93814EE6-4DC2-4442-AB76-7A9A0203337E}"
EndProject
Global
	GlobalSection(SolutionConfigurationPlatforms) = preSolution
		Debug|Any CPU = Debug|Any CPU
		Release|Any CPU = Release|Any CPU
	EndGlobalSection
	GlobalSection(ProjectConfigurationPlatforms) = postSolution
		{93814EE6-4DC2-4442-AB76-7A9A0203337E}.Debug|Any CPU.ActiveCfg = Debug|Any CPU
		{93814EE6-4DC2-4442-AB76-7A9A0203337E}.Debug|Any CPU.Build.0 = Debug|Any CPU
		{93814EE6-4DC2-4442-AB76-7A9A0203337E}.Release|Any CPU.ActiveCfg = Release|Any CPU
		{93814EE6-4DC2-4442-AB76-7A9A0203337E}.Release|Any CPU.Build.0 = Release|Any CPU
	EndGlobalSection
	GlobalSection(SolutionProperties) = preSolution
		HideSolutionNode = FALSE
	EndGlobalSection
	GlobalSection(ExtensibilityGlobals) = postSolution
		SolutionGuid = {4BBFCB67-3850-4E87-B974-9EDDC4033FB6}
	EndGlobalSection
EndGlobal
