
Microsoft Visual Studio Solution File, Format Version 12.00
# Visual Studio Version 17
VisualStudioVersion = 17.8.34525.116
MinimumVisualStudioVersion = 10.0.40219.1
Project("{FAE04EC0-301F-11D3-BF4B-00C04F79EFBC}") = "ConsoleApp2_AccessSpecifier", "ConsoleApp2_AccessSpecifier\ConsoleApp2_AccessSpecifier.csproj", "{2B802431-E0E6-4C9D-B2CE-F41403D50F05}"
EndProject
Project("{FAE04EC0-301F-11D3-BF4B-00C04F79EFBC}") = "ConsoleApp2_AS", "ConsoleApp2_AS\ConsoleApp2_AS.csproj", "{91D8C525-49E2-45C8-8F6C-FB09461BC852}"
EndProject
Global
	GlobalSection(SolutionConfigurationPlatforms) = preSolution
		Debug|Any CPU = Debug|Any CPU
		Release|Any CPU = Release|Any CPU
	EndGlobalSection
	GlobalSection(ProjectConfigurationPlatforms) = postSolution
		{2B802431-E0E6-4C9D-B2CE-F41403D50F05}.Debug|Any CPU.ActiveCfg = Debug|Any CPU
		{2B802431-E0E6-4C9D-B2CE-F41403D50F05}.Debug|Any CPU.Build.0 = Debug|Any CPU
		{2B802431-E0E6-4C9D-B2CE-F41403D50F05}.Release|Any CPU.ActiveCfg = Release|Any CPU
		{2B802431-E0E6-4C9D-B2CE-F41403D50F05}.Release|Any CPU.Build.0 = Release|Any CPU
		{91D8C525-49E2-45C8-8F6C-FB09461BC852}.Debug|Any CPU.ActiveCfg = Debug|Any CPU
		{91D8C525-49E2-45C8-8F6C-FB09461BC852}.Debug|Any CPU.Build.0 = Debug|Any CPU
		{91D8C525-49E2-45C8-8F6C-FB09461BC852}.Release|Any CPU.ActiveCfg = Release|Any CPU
		{91D8C525-49E2-45C8-8F6C-FB09461BC852}.Release|Any CPU.Build.0 = Release|Any CPU
	EndGlobalSection
	GlobalSection(SolutionProperties) = preSolution
		HideSolutionNode = FALSE
	EndGlobalSection
	GlobalSection(ExtensibilityGlobals) = postSolution
		SolutionGuid = {E8741159-B19D-4A0B-AD3C-F7B919BE7FB1}
	EndGlobalSection
EndGlobal
