
Microsoft Visual Studio Solution File, Format Version 12.00
# Visual Studio Version 17
VisualStudioVersion = 17.8.34525.116
MinimumVisualStudioVersion = 10.0.40219.1
Project("{FAE04EC0-301F-11D3-BF4B-00C04F79EFBC}") = "ConsoleApp13_LambdaExpression", "ConsoleApp13_LambdaExpression\ConsoleApp13_LambdaExpression.csproj", "{AE3B82CE-2499-444A-95C6-089C94552833}"
EndProject
Global
	GlobalSection(SolutionConfigurationPlatforms) = preSolution
		Debug|Any CPU = Debug|Any CPU
		Release|Any CPU = Release|Any CPU
	EndGlobalSection
	GlobalSection(ProjectConfigurationPlatforms) = postSolution
		{AE3B82CE-2499-444A-95C6-089C94552833}.Debug|Any CPU.ActiveCfg = Debug|Any CPU
		{AE3B82CE-2499-444A-95C6-089C94552833}.Debug|Any CPU.Build.0 = Debug|Any CPU
		{AE3B82CE-2499-444A-95C6-089C94552833}.Release|Any CPU.ActiveCfg = Release|Any CPU
		{AE3B82CE-2499-444A-95C6-089C94552833}.Release|Any CPU.Build.0 = Release|Any CPU
	EndGlobalSection
	GlobalSection(SolutionProperties) = preSolution
		HideSolutionNode = FALSE
	EndGlobalSection
	GlobalSection(ExtensibilityGlobals) = postSolution
		SolutionGuid = {3F5F5A58-4BF6-41BD-BA54-CECDEAE052C4}
	EndGlobalSection
EndGlobal
